version = 1
revision = 1
requires-python = ">=3.10"

[[package]]
name = "bottle"
version = "0.13.4"
source = { registry = "https://pypi.org/simple" }
sdist = { url = "https://files.pythonhosted.org/packages/7a/71/cca6167c06d00c81375fd668719df245864076d284f7cb46a694cbeb5454/bottle-0.13.4.tar.gz", hash = "sha256:787e78327e12b227938de02248333d788cfe45987edca735f8f88e03472c3f47", size = 98717 }
wheels = [
    { url = "https://files.pythonhosted.org/packages/83/f6/b55ec74cfe68c6584163faa311503c20b0da4c09883a41e8e00d6726c954/bottle-0.13.4-py2.py3-none-any.whl", hash = "sha256:045684fbd2764eac9cdeb824861d1551d113e8b683d8d26e296898d3dd99a12e", size = 103807 },
]

[[package]]
name = "cffi"
version = "2.1.0"
source = { registry = "https://pypi.org/simple" }
dependencies = [
    { name = "pycparser", marker = "implementation_name != 'PyPy'" },
]
sdist = { url = "https://files.pythonhosted.org/packages/57/5f/ff100cae70ebe9d8df1c01a00e510e45d9adb5c1fdda84791b199141de97/cffi-2.1.0.tar.gz", hash = "sha256:efc1cdd798b1aaf39b4610bba7aad28c9bea9b910f25c784ccf9ec1fa719d1f9", size = 531036 }
wheels = [
    { url = "https://files.pythonhosted.org/packages/70/b6/9003c33a3e7d2c1306f5962e646457dcfe5a8cd8fce6bbe02d7af25db783/cffi-2.1.0-cp310-cp310-win32.whl", hash = "sha256:9d72af0cf10a76a600a9690078fe31c63b9588c8e86bf9fd353f713c84b5db0f", size = 174578 },
    { url = "https://files.pythonhosted.org/packages/8a/26/710688310447531c7a22f857c7f79d9855ec18b03e04494ced723fb37e2f/cffi-2.1.0-cp310-cp310-win_amd64.whl", hash = "sha256:fb62edb5bb52cca65fab91a63afa7561607120d26090a7e8fda6fb9f064726da", size = 185071 },
    { url = "https://files.pythonhosted.org/packages/eb/da/5c4918a2d61d86fa927d716cb3d8e4626ef8dc8f605a599d32f33897f59a/cffi-2.1.0-cp311-cp311-win32.whl", hash = "sha256:64c753a0f87a256020004f37a1c8c02c480e725f910f0b2a0f3f07debd1b2479", size = 174496 },
    { url = "https://files.pythonhosted.org/packages/f9/c8/6c2de1d55cf35ef8b92885d5ef280790f0fb9634d87ea1cc315176aecd61/cffi-2.1.0-cp311-cp311-win_amd64.whl", hash = "sha256:4f26194e3d95e06501b942642855aed4f953d55e95d7d01b7c4483db3ecff458", size = 185113 },
    { url = "https://files.pythonhosted.org/packages/9e/4e/e8d7cb5783f1841a3c8fb3a7735838d7484d08ec08c9f984b14cac1ac0e9/cffi-2.1.0-cp311-cp311-win_arm64.whl", hash = "sha256:35aaea0c7ee0e58a5cd8c2fd1a48fdf7ece0d2699b7ecdda08194e9ce5dd9b3d", size = 179927 },
    { url = "https://files.pythonhosted.org/packages/b0/80/c138990aa2a70b1a269f6e06348729836d733d6f970867943f61d367f8cc/cffi-2.1.0-cp312-cp312-win32.whl", hash = "sha256:9b8f0f26ca4e7513c534d351eca551947d053fac438f2a04ac96d882909b0d3a", size = 175269 },
    { url = "https://files.pythonhosted.org/packages/a8/eb/f636456ff21a83fc13c032b58cc5dde061691546ac79efa284b2989b7982/cffi-2.1.0-cp312-cp312-win_amd64.whl", hash = "sha256:c97f080ea627e2863524c5af3836e2270b5f5dfff1f104392b959f8df0c5d384", size = 185881 },
    { url = "https://files.pythonhosted.org/packages/dd/2c/400ea43e721727dca8a65c4521390e9196757caba4a45643acb2b63271b8/cffi-2.1.0-cp312-cp312-win_arm64.whl", hash = "sha256:6d194185eabd279f1c05ebe3504265ddfc5ad2b58d0714f7db9f01da592e9eb6", size = 180088 },
    { url = "https://files.pythonhosted.org/packages/c6/4b/e706f67279140f92939da3475ad610df18bfd52d50f14953a8e5fede71d5/cffi-2.1.0-cp313-cp313-win32.whl", hash = "sha256:db3eb7d46527159a878ec3460e9d40615bc25ba337d477db681aea6e4f05c5d2", size = 175248 },
    { url = "https://files.pythonhosted.org/packages/5a/47/59eb7975cb0e4ef0afa764ea945b29a5bb4537a9f771cb7d6c8a5dd74c95/cffi-2.1.0-cp313-cp313-win_amd64.whl", hash = "sha256:8e74a6135550c4748af665b1b1118b6aab33b1fc6a16f9aff630af107c3b4512", size = 185717 },
    { url = "https://files.pythonhosted.org/packages/5a/af/34fee85c48f8d94efc8597bc09470c9dd274c145f1c12e0fbc6ab6d38d74/cffi-2.1.0-cp313-cp313-win_arm64.whl", hash = "sha256:2282cd5e38aa8accd03e99d1256af8411c84cdbee6a89d841b563fdbd1f3e50f", size = 180114 },
    { url = "https://files.pythonhosted.org/packages/0f/6f/ade5ce9863a57992a6ea3d0d10d7e29b8749fc127204b3d493d667b2815f/cffi-2.1.0-cp314-cp314-win32.whl", hash = "sha256:1854b724d00f6654c742097d5387569021be12d3a0f770eae1df8f8acfcc6acd", size = 177723 },
    { url = "https://files.pythonhosted.org/packages/41/de/92b9eeed4ae4a21d6fd9b2a2c8505cbed573299902ea73981cc13f7ff62c/cffi-2.1.0-cp314-cp314-win_amd64.whl", hash = "sha256:1b96bfe2c4bd825681b7d311ad6d9b7280a091f43e8f63da5729638083cd3bfb", size = 187937 },
    { url = "https://files.pythonhosted.org/packages/2e/1a/cc6ae6c2913a03aab8898eee57963cf1035b8df5872ed8b9115fcc7e2be8/cffi-2.1.0-cp314-cp314-win_arm64.whl", hash = "sha256:7d28dff1db6764108bc30788d85d61c876beff416d9a49cb9dd7c5a9f34f5804", size = 183001 },
    { url = "https://files.pythonhosted.org/packages/dc/78/aa01ac599a8a4322533d45a1f9bc93b338276d2d59dabbe7c6d92a775c81/cffi-2.1.0-cp314-cp314t-win32.whl", hash = "sha256:7d034dcffa09e9a46c93fa3a3be402096cb5354ac6e41ab8e5cc9cd8b642ad76", size = 182857 },
    { url = "https://files.pythonhosted.org/packages/b9/26/d00496b22de4d4228f32dde94ad996f350c8aad676d63bcca0743c8dea4d/cffi-2.1.0-cp314-cp314t-win_amd64.whl", hash = "sha256:0582a58f3051372229ca8e7f5f589f9e5632678208d8636fea3676711fdf7fe5", size = 194065 },
    { url = "https://files.pythonhosted.org/packages/d5/dd/0c7dbf815a579ff005008a2d815a55d6bb047c349eef536d9dc53d3f0a8d/cffi-2.1.0-cp314-cp314t-win_arm64.whl", hash = "sha256:510aeeeac94811b138077451da1fb18b308a5feab47dd2b603af55804155e1c8", size = 186404 },
    { url = "https://files.pythonhosted.org/packages/2c/d8/772b8259bf75749adffb1c546828978381fb516f60cf701f6c83daf60c85/cffi-2.1.0-cp315-cp315-win32.whl", hash = "sha256:0a42c688d19fca6e095a53c6a6e2295a5b050a8b289f109adab02a9e61a25de6", size = 177696 },
    { url = "https://files.pythonhosted.org/packages/2f/dd/afa2191fc6d57fedd26e5844a2fe2fcc0bbfa00961bbaa5a41e4921e7cca/cffi-2.1.0-cp315-cp315-win_amd64.whl", hash = "sha256:bccbbb5ee76a61f9d99b5bf3846a51d7fca4b6a732fe46f89295610edaf41853", size = 187914 },
    { url = "https://files.pythonhosted.org/packages/05/ef/6cd4f8c671517162379dc79cfae5aea9106bc38abb89628d5c16adf6a838/cffi-2.1.0-cp315-cp315-win_arm64.whl", hash = "sha256:8d35c139744adb3e727cd51b1a18324bbe44b8bd41bf8322bca4d41289f48eda", size = 183004 },
    { url = "https://files.pythonhosted.org/packages/68/5a/e536c528bc8057496c360c0978559a2dc45653f89dd6151078aa7d8fca1a/cffi-2.1.0-cp315-cp315t-win32.whl", hash = "sha256:cb96698e3c7413d906ce83f8ffd245ec1bd94707541f299d0ce4d6b0193e982b", size = 182760 },
    { url = "https://files.pythonhosted.org/packages/d3/0b/0ffe8b82d3875bced5fa1e7986a7a46b748262a40ab7f60b475eb9fb1bb3/cffi-2.1.0-cp315-cp315t-win_amd64.whl", hash = "sha256:f146d154428a2523f9cc7936c02353c2459b8f6cf07d3cd1ee1c0a611109c5d5", size = 193769 },
    { url = "https://files.pythonhosted.org/packages/a0/17/1073b53b68c9b5ca6914adf5f8bf55aacc2d3be102418c90700160ea8605/cffi-2.1.0-cp315-cp315t-win_arm64.whl", hash = "sha256:cbb7640ce37159548d2147b5b8c241f962143d4c71231431820783f4dc78f210", size = 186405 },
]

[[package]]
name = "clr-loader"
version = "0.3.1"
source = { registry = "https://pypi.org/simple" }
dependencies = [
    { name = "cffi" },
]
sdist = { url = "https://files.pythonhosted.org/packages/e4/46/7eea92b6aa2d68af78e049cbecec5f757f1aad44ecdecdc16bbad7eead51/clr_loader-0.3.1.tar.gz", hash = "sha256:2e073e9aaf49d1ae2f56ecba27987ad5fb68be4bcd9dd34a5bed8f0e4e128366", size = 86805 }
wheels = [
    { url = "https://files.pythonhosted.org/packages/5e/da/ec1a6e36624000b6df0dd61183c42342ee5814c073315e802cadaad04d2f/clr_loader-0.3.1-py3-none-any.whl", hash = "sha256:cbad189de20d202a7d621956b0fc38049e13c9bf7ca2923441eff725cd121aa1", size = 55730 },
]

[[package]]
name = "manis"
version = "0.1.0"
source = { virtual = "." }
dependencies = [
    { name = "pywebview" },
]

[package.metadata]
requires-dist = [{ name = "pywebview", specifier = ">=4.0" }]

[[package]]
name = "packaging"
version = "26.2"
source = { registry = "https://pypi.org/simple" }
sdist = { url = "https://files.pythonhosted.org/packages/d7/f1/e7a6dd94a8d4a5626c03e4e99c87f241ba9e350cd9e6d75123f992427270/packaging-26.2.tar.gz", hash = "sha256:ff452ff5a3e828ce110190feff1178bb1f2ea2281fa2075aadb987c2fb221661", size = 228134 }
wheels = [
    { url = "https://files.pythonhosted.org/packages/df/b2/87e62e8c3e2f4b32e5fe99e0b86d576da1312593b39f47d8ceef365e95ed/packaging-26.2-py3-none-any.whl", hash = "sha256:5fc45236b9446107ff2415ce77c807cee2862cb6fac22b8a73826d0693b0980e", size = 100195 },
]

[[package]]
name = "proxy-tools"
version = "0.1.0"
source = { registry = "https://pypi.org/simple" }
sdist = { url = "https://files.pythonhosted.org/packages/f2/cf/77d3e19b7fabd03895caca7857ef51e4c409e0ca6b37ee6e9f7daa50b642/proxy_tools-0.1.0.tar.gz", hash = "sha256:ccb3751f529c047e2d8a58440d86b205303cf0fe8146f784d1cbcd94f0a28010", size = 2978 }

[[package]]
name = "pycparser"
version = "3.0"
source = { registry = "https://pypi.org/simple" }
sdist = { url = "https://files.pythonhosted.org/packages/1b/7d/92392ff7815c21062bea51aa7b87d45576f649f16458d78b7cf94b9ab2e6/pycparser-3.0.tar.gz", hash = "sha256:600f49d217304a5902ac3c37e1281c9fe94e4d0489de643a9504c5cdfdfc6b29", size = 103492 }
wheels = [
    { url = "https://files.pythonhosted.org/packages/0c/c3/44f3fbbfa403ea2a7c779186dc20772604442dde72947e7d01069cbe98e3/pycparser-3.0-py3-none-any.whl", hash = "sha256:b727414169a36b7d524c1c3e31839a521725078d7b2ff038656844266160a992", size = 48172 },
]

[[package]]
name = "pyobjc-core"
version = "12.2.1"
source = { registry = "https://pypi.org/simple" }
sdist = { url = "https://files.pythonhosted.org/packages/b4/b1/729f7458a63758bd21716648a8abcd9a0c8f2d2e9897763c8a1a1c7fd31b/pyobjc_core-12.2.1.tar.gz", hash = "sha256:7a7b9b018402342cf32bf1956366896350fbe5c0478cb3ef59778f77abed7f07", size = 1063383 }
wheels = [
    { url = "https://files.pythonhosted.org/packages/e5/62/80fe6b6bea9e9e7abe2e7a91bfd22115219b2263e435d2da09cf480b6f49/pyobjc_core-12.2.1-cp310-cp310-macosx_10_9_universal2.whl", hash = "sha256:aa5c889961d79d7704f17eeb27f80ee791335819c1bb14babeff7b9ea665b5f0", size = 6486390 },
    { url = "https://files.pythonhosted.org/packages/92/87/16564ef5e4568ee0edd9e712d8111dc8b67621d6bb6ff430646ee2d637dd/pyobjc_core-12.2.1-cp311-cp311-macosx_10_9_universal2.whl", hash = "sha256:24b76a63caf0b5369d4a377c7c0438cd70df81539057af3db839bfaa3579e04a", size = 6484662 },
    { url = "https://files.pythonhosted.org/packages/8c/88/300ad283bed0c971c52dcac6f70113e138169d4ce6d856ddd03d16081e51/pyobjc_core-12.2.1-cp312-cp312-macosx_10_13_universal2.whl", hash = "sha256:a64232bb27ed101d4adc7d42b0e64a6d3331aac7bee7861c037a6777a163f10b", size = 6433347 },
    { url = "https://files.pythonhosted.org/packages/3e/1e/b9b0ddffae66996b8779f1f7958adc9f21c13a0448cd3be8d7fe589b5b0f/pyobjc_core-12.2.1-cp313-cp313-macosx_10_13_universal2.whl", hash = "sha256:af101222762665a4125157906cb4b23f5d5a63d3851d5e0504f72a1eaaa2cfd2", size = 6436004 },
    { url = "https://files.pythonhosted.org/packages/8f/26/bd309ede07784c6e5fac4b440c90a5f72a66da7859ed303a9392fe8a5f3f/pyobjc_core-12.2.1-cp313-cp313t-macosx_10_13_universal2.whl", hash = "sha256:efe465e3ecc6fc73f7c7622620345d134a8d34564ab1c29d8247e45f4ed55071", size = 6687044 },
    { url = "https://files.pythonhosted.org/packages/bd/8a/cfa4f56939d554dbb342ec6e5226a441e2f552bc2002a0ddf7705bb11bef/pyobjc_core-12.2.1-cp314-cp314-macosx_10_15_universal2.whl", hash = "sha256:2b8fc0531c27277325e113ac00b8a72a82e6145f0a88175b9425d8de814ff69a", size = 6429289 },
    { url = "https://files.pythonhosted.org/packages/42/74/446c89bc18103aaa4a00d1fb85ff8acace9a0dc3f362d9678ebf7571e275/pyobjc_core-12.2.1-cp314-cp314t-macosx_10_15_universal2.whl", hash = "sha256:9bef500f979e22d54f9da3aaebf6a48f873234b324858bd69256055a318955c7", size = 6690181 },
    { url = "https://files.pythonhosted.org/packages/99/c7/0121ee4c616af07ad2de8cd1a286f6978dc9a227eb58b7c2e875cb68a1df/pyobjc_core-12.2.1-cp315-cp315-macosx_10_15_universal2.whl", hash = "sha256:047c226eeb58a2993ace5e8904e71cc9426ee20d064c617f8fbf32717d37093e", size = 6487078 },
    { url = "https://files.pythonhosted.org/packages/b5/a8/cb9fcc150f97d0bf22a2028f88b24cc35949beb1bcc7b8bc5c17d4401677/pyobjc_core-12.2.1-cp315-cp315t-macosx_10_15_universal2.whl", hash = "sha256:1188613805336270279570467e4455b74cb6c0f60913ac74c917ee1c37cfaecb", size = 6733064 },
]

[[package]]
name = "pyobjc-framework-cocoa"
version = "12.2.1"
source = { registry = "https://pypi.org/simple" }
dependencies = [
    { name = "pyobjc-core" },
]
sdist = { url = "https://files.pythonhosted.org/packages/51/34/fbe38a204643aa4e1b91391cdce07a34da565a69171ebcad08de7438a556/pyobjc_framework_cocoa-12.2.1.tar.gz", hash = "sha256:b94b37fe5730e5ae1fb0052912cd174e6ec329b0bfba4a012ae5db1014b5864b", size = 3125751 }
wheels = [
    { url = "https://files.pythonhosted.org/packages/2c/c5/f6a5458cc5a598baa7a79ffe86248560c631f5a86f4a3c678fb6a815e78b/pyobjc_framework_cocoa-12.2.1-cp310-cp310-macosx_10_9_universal2.whl", hash = "sha256:05443c1494532779cccff83e9792fdd6f0a4800cac56620132bf28e0bf966e9d", size = 387303 },
    { url = "https://files.pythonhosted.org/packages/f4/d6/dc66ea8519a0475efbccf73f82cc28066339bb300a27f5e1bf91ab1d7002/pyobjc_framework_cocoa-12.2.1-cp311-cp311-macosx_10_9_universal2.whl", hash = "sha256:dc6da84f4fc62cc25463bbb85e77a57b8d5ac6caf9a60702daf2edb601332f15", size = 387298 },
    { url = "https://files.pythonhosted.org/packages/f7/cf/1b3b32b2f28f66cc053c3438ef4e6df36a1591945bf05e7399da18d74553/pyobjc_framework_cocoa-12.2.1-cp312-cp312-macosx_10_13_universal2.whl", hash = "sha256:28b9b8bab1c36efb94744786918752d0c1842f5fbb67e7d5ca97b5f736512080", size = 388113 },
    { url = "https://files.pythonhosted.org/packages/cc/46/68e8e4d926a2f70fed0437047bc3f9fe08af8fe620d94d80656ebc3cfa9b/pyobjc_framework_cocoa-12.2.1-cp313-cp313-macosx_10_13_universal2.whl", hash = "sha256:3b74a78fa7803e547b32e5e8ec1b49987b52fe318383e793bc6cd49b80efbd9f", size = 388183 },
    { url = "https://files.pythonhosted.org/packages/2e/f3/dfc9af4c9eb2e5389c860ad5ef252be9fe456db09f39d537555dc5057aa1/pyobjc_framework_cocoa-12.2.1-cp313-cp313t-macosx_10_13_universal2.whl", hash = "sha256:dc2eaca2f13c7bcd8e41e51a372e47825dea9dd3126108760eed7ba883d2945c", size = 392275 },
    { url = "https://files.pythonhosted.org/packages/ec/c8/b90baa8f3592eded79b4be98fb59d2b8dc16b62361e34292bd95806ebd9f/pyobjc_framework_cocoa-12.2.1-cp314-cp314-macosx_10_15_universal2.whl", hash = "sha256:b386c324d64ae565c1f6b7dfb77be68f640a1c7c23caa6966ab661131f519561", size = 388357 },
    { url = "https://files.pythonhosted.org/packages/98/d8/64a94651b9294702d55e748d94de30e25bc59d0784526be7643f4467eccd/pyobjc_framework_cocoa-12.2.1-cp314-cp314t-macosx_10_15_universal2.whl", hash = "sha256:a6c584e2af0813cb2f6103b184e632665a26f58c1bd5b08ffd6e95a19c617f7b", size = 392404 },
    { url = "https://files.pythonhosted.org/packages/5c/cc/26e8a7bf1f5e8caa38b7f80d486296f9fd3c97e71ad7e5444ef22e802758/pyobjc_framework_cocoa-12.2.1-cp315-cp315-macosx_10_15_universal2.whl", hash = "sha256:b6023657b8d6cc049a21bd6b4752425f2f53c42f9f0b02d64c7608cc484bf103", size = 388589 },
    { url = "https://files.pythonhosted.org/packages/b6/f3/eedf743a303ea742b8e082afe3613fb4d6618bc1a48cf2568b004ce906f7/pyobjc_framework_cocoa-12.2.1-cp315-cp315t-macosx_10_15_universal2.whl", hash = "sha256:c685ccd8e266a07cf912a2c5a13b1f2eff2a868a1aff163b4801b4687bd425e1", size = 392691 },
]

[[package]]
name = "pyobjc-framework-quartz"
version = "12.2.1"
source = { registry = "https://pypi.org/simple" }
dependencies = [
    { name = "pyobjc-core" },
    { name = "pyobjc-framework-cocoa" },
]
sdist = { url = "https://files.pythonhosted.org/packages/3b/f6/2a8b84dbf1fe7c04dd96ea73d991678d4e09a909f51971ecc51629bb2ab4/pyobjc_framework_quartz-12.2.1.tar.gz", hash = "sha256:b3b8b6f71e66147f8ff9e6213864cc8527e3a0b1ee90835b93ce221f4802d9b0", size = 3215521 }
wheels = [
    { url = "https://files.pythonhosted.org/packages/e7/8f/7b2abbade50ed918e59c3dfe14aece0f0f8a4dc43a3884fd4f2508c7787a/pyobjc_framework_quartz-12.2.1-cp310-cp310-macosx_10_9_universal2.whl", hash = "sha256:c8fed57ac8a1927e4fe4f48ab4042cbc1087d881743182b6f3f2e6e227a9209f", size = 218013 },
    { url = "https://files.pythonhosted.org/packages/b9/08/527d1ff856e2f2446b5887be01989cc08f9adaf3de7d4eb13d07826c362f/pyobjc_framework_quartz-12.2.1-cp311-cp311-macosx_10_9_universal2.whl", hash = "sha256:60f29408b4f9ed5391a29c6b63e2aa56ddfb8b66b3fb47962930427981e14462", size = 217998 },
    { url = "https://files.pythonhosted.org/packages/14/fc/d7c7b3134cdbd1a487f3f77b5be125d87a6c9e7d9411035739d99335cc0c/pyobjc_framework_quartz-12.2.1-cp312-cp312-macosx_10_13_universal2.whl", hash = "sha256:de9c8cca7e95290c8d540466af11c7cdfe3a5458e6f56c34006d5b45243f9ed9", size = 219000 },
    { url = "https://files.pythonhosted.org/packages/0a/4b/861f91a1565d3189ee899e177b915551fb9a7e2ca25414025a8974f04e74/pyobjc_framework_quartz-12.2.1-cp313-cp313-macosx_10_13_universal2.whl", hash = "sha256:54c9bc7f507192691841ee4eba5bf36990b259df83ac728efed2d7ea1cd021e4", size = 219403 },
    { url = "https://files.pythonhosted.org/packages/ba/b5/b27010d2f288737f627f74be6d5549f49c841542365c84b9a3011fe39ce7/pyobjc_framework_quartz-12.2.1-cp313-cp313t-macosx_10_13_universal2.whl", hash = "sha256:bfc0d2badd819823d21df8069dcf9544ce360ed747a8895c51bdb25d8d125f45", size = 224458 },
    { url = "https://files.pythonhosted.org/packages/8b/5d/85ffd9d433989205d572a50d625c63b29c05e0c5235a725f15ae1023672c/pyobjc_framework_quartz-12.2.1-cp314-cp314-macosx_10_15_universal2.whl", hash = "sha256:ceb56939c337b36d9d81185ade31f77dc52c85cf79bb16e53e9b32f54b6bb3f5", size = 219769 },
    { url = "https://files.pythonhosted.org/packages/e2/d6/b917e4b63d72ea84a27121076f3033f23f6497c0e6ce8d304766c899897f/pyobjc_framework_quartz-12.2.1-cp314-cp314t-macosx_10_15_universal2.whl", hash = "sha256:8105c98b798f2bf81c05c54bddeeadbf62f0b5dfec13bd6e719dd2cdf7e1cddf", size = 224717 },
    { url = "https://files.pythonhosted.org/packages/04/e2/f3c1ed3228f7430ef5ade23db6f1fcbae99290f177ce5653348fd9e05f4d/pyobjc_framework_quartz-12.2.1-cp315-cp315-macosx_10_15_universal2.whl", hash = "sha256:bbc214f1a216b5d3651bc832d0ac4589f029f3f37cd6cbb370aac12a7c77942c", size = 219825 },
    { url = "https://files.pythonhosted.org/packages/66/2a/2c99a5ad2fe0a11600ea123b8e9a08ff138fcb2ad1e13e376f4bd4aa1d96/pyobjc_framework_quartz-12.2.1-cp315-cp315t-macosx_10_15_universal2.whl", hash = "sha256:ca61624a0b0e6286d8a0f97f47eb9011e4e81e9a339db436d48af527e7065bb1", size = 224770 },
]

[[package]]
name = "pyobjc-framework-security"
version = "12.2.1"
source = { registry = "https://pypi.org/simple" }
dependencies = [
    { name = "pyobjc-core" },
    { name = "pyobjc-framework-cocoa" },
]
sdist = { url = "https://files.pythonhosted.org/packages/44/b8/4267b802d8dba6de468e7d0765b05cc4e146fa376ed9f55e0b6461016bef/pyobjc_framework_security-12.2.1.tar.gz", hash = "sha256:d7831b1537f4346892e7f2f0e2b09d79bee98919b0767f4061278d0e03028f2d", size = 181065 }
wheels = [
    { url = "https://files.pythonhosted.org/packages/b6/6d/5de5ba240d815ec0292db63f733b485f59ee7fd683375786c7b940ba7984/pyobjc_framework_security-12.2.1-cp310-cp310-macosx_10_9_universal2.whl", hash = "sha256:b490fb0d46275f165b1214785fec732bc7b8e06c99b6ba045382404d44400d9c", size = 41303 },
    { url = "https://files.pythonhosted.org/packages/be/ac/f2ff946edfaf16b4ce5e31afac5e519f83705c0f4842fd25134ecb8f2f4a/pyobjc_framework_security-12.2.1-cp311-cp311-macosx_10_9_universal2.whl", hash = "sha256:ce461296b003b2ba17c8b65f6339f9d2fd5dcfa2b3b52ddc0a696334cc8974c5", size = 41306 },
    { url = "https://files.pythonhosted.org/packages/4e/5b/2719bc4062e6c27083191fd20e365ae02d0bf1c22f4d1a88211e3d96b369/pyobjc_framework_security-12.2.1-cp312-cp312-macosx_10_13_universal2.whl", hash = "sha256:76ff6e44e62d3e15651540493879bf16687d862c4f10f3cadade757811c8b8d0", size = 41300 },
    { url = "https://files.pythonhosted.org/packages/15/90/dccd4cd6877ef208957dc1f3675287d8614a4dcd2a3ee0a5e56f5fb5a1ba/pyobjc_framework_security-12.2.1-cp313-cp313-macosx_10_13_universal2.whl", hash = "sha256:990013baba29d6f985d8950b23701129b2597b3d16f628b785fe97596d8a8de3", size = 41299 },
    { url = "https://files.pythonhosted.org/packages/ce/af/f9e8040e0c3ef6a50392a46ad1df482a666aa615180d40730b00282ff81f/pyobjc_framework_security-12.2.1-cp313-cp313t-macosx_10_13_universal2.whl", hash = "sha256:066a3e5e9d368e7a6ba8dd52be2077a634ef12a54fbfcc78b3b8154a8f988a1d", size = 42179 },
    { url = "https://files.pythonhosted.org/packages/c9/3c/76e2a8bb8d5fe48f0e8e25c6abec1609f3667cc39935017badfe9e9603f2/pyobjc_framework_security-12.2.1-cp314-cp314-macosx_10_15_universal2.whl", hash = "sha256:5319ae49b8874363ab51c6ff4d85d4ea0cfa6d836fe0306e901ba9ae560b880d", size = 41370 },
    { url = "https://files.pythonhosted.org/packages/14/6e/7120956e9833b2c70757eec1f65f57c191e00662cf74c4545d88315643fa/pyobjc_framework_security-12.2.1-cp314-cp314t-macosx_10_15_universal2.whl", hash = "sha256:21618431e0dbfbd3d4029445e3118af88e5d7e52ddecf9a2d17c759c51628d85", size = 42926 },
    { url = "https://files.pythonhosted.org/packages/b3/ff/0bafc557523e5755f74dd5363386a1e9b03f611e2e36df0737a508cd5ab4/pyobjc_framework_security-12.2.1-cp315-cp315-macosx_10_15_universal2.whl", hash = "sha256:fa192e9df479375e6242adcadb9a44f32907dd7fe1207608710cd3af65fe3c84", size = 41376 },
    { url = "https://files.pythonhosted.org/packages/47/33/33d266117e46fef148caa4f986b3d896cb9bfd76bef48bd761cb60c758ee/pyobjc_framework_security-12.2.1-cp315-cp315t-macosx_10_15_universal2.whl", hash = "sha256:07cd044a7996f9a897040c49055fa3bdf565acac4a25b834a72e60602376146d", size = 42944 },
]

[[package]]
name = "pyobjc-framework-uniformtypeidentifiers"
version = "12.2.1"
source = { registry = "https://pypi.org/simple" }
dependencies = [
    { name = "pyobjc-core" },
    { name = "pyobjc-framework-cocoa" },
]
sdist = { url = "https://files.pythonhosted.org/packages/74/a1/108fa1e5a3dd8aff626f98fb97de370323b290404b04ffa2ef9420665ed3/pyobjc_framework_uniformtypeidentifiers-12.2.1.tar.gz", hash = "sha256:1fb89d13aa3c2df8e6d6536f6df3493fe5a6caefd2a5adebf17c5af3b29ed4a2", size = 20679 }
wheels = [
    { url = "https://files.pythonhosted.org/packages/e3/44/18a7b3c3b4f9f6784fddf64ed5a2c148577d0300705a50e8ab81da8fc71d/pyobjc_framework_uniformtypeidentifiers-12.2.1-py2.py3-none-any.whl", hash = "sha256:ea08413ad895a7dfea13670e26548bcf5b00154084cdfb5d8f96603320e77cf3", size = 5042 },
]

[[package]]
name = "pyobjc-framework-webkit"
version = "12.2.1"
source = { registry = "https://pypi.org/simple" }
dependencies = [
    { name = "pyobjc-core" },
    { name = "pyobjc-framework-cocoa" },
]
sdist = { url = "https://files.pythonhosted.org/packages/11/d2/b230c594f70ecb970b4cef67bae2648d1bfa5b381e9b7e3710bf24ec8887/pyobjc_framework_webkit-12.2.1.tar.gz", hash = "sha256:a56acae55b50d549b20dff2921ad1099add8fbc377d0de09ddc2ba50957f7def", size = 332374 }
wheels = [
    { url = "https://files.pythonhosted.org/packages/16/34/ec01564ac00165736c76481ea31a0a644c2b9fafac39e7fca827da2c4a34/pyobjc_framework_webkit-12.2.1-cp310-cp310-macosx_10_9_universal2.whl", hash = "sha256:ad59030aeb9bb11d28a939760cb64b93108b6a8508c6001cf87789fd7a9312bd", size = 50260 },
    { url = "https://files.pythonhosted.org/packages/f0/d3/2ab99d3975dd4624dd943e5a7c8d37e40258d3c9fcf4f26baf09a24e6c9b/pyobjc_framework_webkit-12.2.1-cp311-cp311-macosx_10_9_universal2.whl", hash = "sha256:af5c4ccdf03845adac082823a3b4341b5b2fe62d2d664550afa705b5286a06fc", size = 50264 },
    { url = "https://files.pythonhosted.org/packages/84/47/7a2099eb2e062c6230a9440f1795cf34056ca5e16ef25c8aad7c059b8734/pyobjc_framework_webkit-12.2.1-cp312-cp312-macosx_10_13_universal2.whl", hash = "sha256:7e04dcc08cdc59380113ea1232af75a0a04c2426418ebe967b4c0045c973f776", size = 50372 },
    { url = "https://files.pythonhosted.org/packages/2a/a4/202ec288808011d3f459d000d593e88b1118f2d1d5a4dfaaf5232f2c2ac2/pyobjc_framework_webkit-12.2.1-cp313-cp313-macosx_10_13_universal2.whl", hash = "sha256:23bee8bf7077f91da4e3ae54a00c7f5e4414319e15f98be8584dbd67c4043fae", size = 50387 },
    { url = "https://files.pythonhosted.org/packages/95/a4/f796e94b43a66704b6ae17c747c7b97fd4b79348f1cfa9bef7b008aaa718/pyobjc_framework_webkit-12.2.1-cp313-cp313t-macosx_10_13_universal2.whl", hash = "sha256:00ffb254f97e9ffdd0a82c1faa61a07f6072ba900fa8aba70c83c21198b52e4e", size = 50853 },
    { url = "https://files.pythonhosted.org/packages/ae/f6/d24716fef19ccc3d880e99029458803f0174c05df310d991eb97ea3a0799/pyobjc_framework_webkit-12.2.1-cp314-cp314-macosx_10_15_universal2.whl", hash = "sha256:67030258c3cd66e8495ccfccef3d2d58010ff0209284c5115e5afdb0e9fd6de1", size = 50499 },
    { url = "https://files.pythonhosted.org/packages/a8/6c/817119a52efcc229a30ceff56a0641005a431806a1f555e0571626ba313a/pyobjc_framework_webkit-12.2.1-cp314-cp314t-macosx_10_15_universal2.whl", hash = "sha256:5d91527c9950c79269dd0d70f2bb8668c298dd06930637c1c063ce5f274a87e5", size = 50967 },
    { url = "https://files.pythonhosted.org/packages/2d/59/5fac0754d53b2a72aed6f424dfc72e5fa245f83cb57c2e00d02e45390fca/pyobjc_framework_webkit-12.2.1-cp315-cp315-macosx_10_15_universal2.whl", hash = "sha256:657825081484c9920c50b76b469b9583f116225b0449c9d95c46cbc8c640adc8", size = 50498 },
    { url = "https://files.pythonhosted.org/packages/da/0c/e997e33d99d4ad91da2cf70f0e51ac39b03c58ba210548e9e944bbb421be/pyobjc_framework_webkit-12.2.1-cp315-cp315t-macosx_10_15_universal2.whl", hash = "sha256:f46adcc6227873f2b14d74b2e789c937f227722274ab59b9fa3c04c6ecb46dd5", size = 50958 },
]

[[package]]
name = "pythonnet"
version = "3.1.0"
source = { registry = "https://pypi.org/simple" }
dependencies = [
    { name = "clr-loader" },
]
sdist = { url = "https://files.pythonhosted.org/packages/05/57/da1992e44663b71365c6e842c8d7fa453d4ec45fb99a68cfee5b7e944d3c/pythonnet-3.1.0.tar.gz", hash = "sha256:7b34c382905d10a371509ffafd64cae0416305c28817738a9cd138336f4e9991", size = 250599 }
wheels = [
    { url = "https://files.pythonhosted.org/packages/ac/4b/52414f442624d2589f5374a48c08d5ae94f24bea67fc13a20a752884e5b7/pythonnet-3.1.0-cp310.cp311.cp312.cp313.cp314-none-any.whl", hash = "sha256:698dd88edc198819ad63b624a6ebe76208c7b46e4fe13626f65e484f0358d6ba", size = 217578 },
    { url = "https://files.pythonhosted.org/packages/db/67/031124fdcb937c266a3265118525bbf6dc13b8c79786d6a7290aecb6e7bb/pythonnet-3.1.0-cp310.cp311.cp312.cp313.cp314-none-win32.win_amd64.whl", hash = "sha256:7bdd4de03df3547a48122a3989265c8b31d5be0d19dadffa009eec7df8085e0b", size = 1644898 },
]

[[package]]
name = "pywebview"
version = "6.2.1"
source = { registry = "https://pypi.org/simple" }
dependencies = [
    { name = "bottle" },
    { name = "proxy-tools" },
    { name = "pyobjc-core", marker = "sys_platform == 'darwin'" },
    { name = "pyobjc-framework-cocoa", marker = "sys_platform == 'darwin'" },
    { name = "pyobjc-framework-quartz", marker = "sys_platform == 'darwin'" },
    { name = "pyobjc-framework-security", marker = "sys_platform == 'darwin'" },
    { name = "pyobjc-framework-uniformtypeidentifiers", marker = "sys_platform == 'darwin'" },
    { name = "pyobjc-framework-webkit", marker = "sys_platform == 'darwin'" },
    { name = "pythonnet", marker = "sys_platform == 'win32'" },
    { name = "qtpy", marker = "sys_platform == 'openbsd6'" },
    { name = "typing-extensions" },
]
sdist = { url = "https://files.pythonhosted.org/packages/59/4a/05307135dafba67778669d194bd1a3822a7685ec9ee8a6d7e70856c1a551/pywebview-6.2.1.tar.gz", hash = "sha256:71b7136752e40824655304d938efb62014218d1a90bd8e87e1cbdb1ce9c466af", size = 513126 }
wheels = [
    { url = "https://files.pythonhosted.org/packages/3d/25/9491695c22c4842c5b3903b4dc172e0eecf67a27c0af34a71512c9b76a0a/pywebview-6.2.1-py3-none-any.whl", hash = "sha256:9d07275f53894ab4d5e2e0e996227193e7187dec276d9b624dccbce029216b46", size = 525463 },
]

[[package]]
name = "qtpy"
version = "2.4.3"
source = { registry = "https://pypi.org/simple" }
dependencies = [
    { name = "packaging" },
]
sdist = { url = "https://files.pythonhosted.org/packages/70/01/392eba83c8e47b946b929d7c46e0f04b35e9671f8bb6fc36b6f7945b4de8/qtpy-2.4.3.tar.gz", hash = "sha256:db744f7832e6d3da90568ba6ccbca3ee2b3b4a890c3d6fbbc63142f6e4cdf5bb", size = 66982 }
wheels = [
    { url = "https://files.pythonhosted.org/packages/69/76/37c0ccd5ab968a6a438f9c623aeecc84c202ab2fabc6a8fd927580c15b5a/QtPy-2.4.3-py3-none-any.whl", hash = "sha256:72095afe13673e017946cc258b8d5da43314197b741ed2890e563cf384b51aa1", size = 95045 },
]

[[package]]
name = "typing-extensions"
version = "4.16.0"
source = { registry = "https://pypi.org/simple" }
sdist = { url = "https://files.pythonhosted.org/packages/f6/cc/6253133b5bb138fc3306cebfbda2c520f545d36b5be2c7255cc528bb45d6/typing_extensions-4.16.0.tar.gz", hash = "sha256:dc983d19a509c94dba722ee6abd33940f7c05a89e243c47e907eb4db6f1a43e5", size = 113555 }
wheels = [
    { url = "https://files.pythonhosted.org/packages/49/d3/b8441a820a491ddfc024b0b0cf0393375b75ea13866d9c66727e54c2fc80/typing_extensions-4.16.0-py3-none-any.whl", hash = "sha256:481caa481374e813c1b176ada14e97f1f67a4539ce9cfeb3f350d78d6370c2e8", size = 45571 },
]
